
Microsoft Visual Studio Solution File, Format Version 12.00
# Visual Studio 15
VisualStudioVersion = 15.0.27428.2005
MinimumVisualStudioVersion = 10.0.40219.1
Project("{FAE04EC0-301F-11D3-BF4B-00C04F79EFBC}") = "PhantasmaMail.Android", "PhantasmaMail\PhantasmaMail.Android\PhantasmaMail.Android.csproj", "{1242ADA9-A0B2-4E51-9AF1-692C578F1469}"
EndProject
Project("{FAE04EC0-301F-11D3-BF4B-00C04F79EFBC}") = "PhantasmaMail.iOS", "PhantasmaMail\PhantasmaMail.iOS\PhantasmaMail.iOS.csproj", "{7C243EC1-7D6D-4AE2-99CC-B97C2818DF72}"
EndProject
Project("{9A19103F-16F7-4668-BE54-9A1E7A4F7556}") = "PhantasmaMail", "PhantasmaMail\PhantasmaMail\PhantasmaMail.csproj", "{447D553C-16D0-4D0C-9B3B-5852454F69DB}"
EndProject
Global
	GlobalSection(SolutionConfigurationPlatforms) = preSolution
		Ad-Hoc|Any CPU = Ad-Hoc|Any CPU
		Ad-Hoc|iPhone = Ad-Hoc|iPhone
		Ad-Hoc|iPhoneSimulator = Ad-Hoc|iPhoneSimulator
		AppStore|Any CPU = AppStore|Any CPU
		AppStore|iPhone = AppStore|iPhone
		AppStore|iPhoneSimulator = AppStore|iPhoneSimulator
		Debug|Any CPU = Debug|Any CPU
		Debug|iPhone = Debug|iPhone
		Debug|iPhoneSimulator = Debug|iPhoneSimulator
		Release|Any CPU = Release|Any CPU
		Release|iPhone = Release|iPhone
		Release|iPhoneSimulator = Release|iPhoneSimulator
	EndGlobalSection
	GlobalSection(ProjectConfigurationPlatforms) = postSolution
		{1242ADA9-A0B2-4E51-9AF1-692C578F1469}.Ad-Hoc|Any CPU.ActiveCfg = Release|Any CPU
		{1242ADA9-A0B2-4E51-9AF1-692C578F1469}.Ad-Hoc|Any CPU.Build.0 = Release|Any CPU
		{1242ADA9-A0B2-4E51-9AF1-692C578F1469}.Ad-Hoc|Any CPU.Deploy.0 = Release|Any CPU
		{1242ADA9-A0B2-4E51-9AF1-692C578F1469}.Ad-Hoc|iPhone.ActiveCfg = Release|Any CPU
		{1242ADA9-A0B2-4E51-9AF1-692C578F1469}.Ad-Hoc|iPhone.Build.0 = Release|Any CPU
		{1242ADA9-A0B2-4E51-9AF1-692C578F1469}.Ad-Hoc|iPhone.Deploy.0 = Release|Any CPU
		{1242ADA9-A0B2-4E51-9AF1-692C578F1469}.Ad-Hoc|iPhoneSimulator.ActiveCfg = Release|Any CPU
		{1242ADA9-A0B2-4E51-9AF1-692C578F1469}.Ad-Hoc|iPhoneSimulator.Build.0 = Release|Any CPU
		{1242ADA9-A0B2-4E51-9AF1-692C578F1469}.Ad-Hoc|iPhoneSimulator.Deploy.0 = Release|Any CPU
		{1242ADA9-A0B2-4E51-9AF1-692C578F1469}.AppStore|Any CPU.ActiveCfg = Release|Any CPU
		{1242ADA9-A0B2-4E51-9AF1-692C578F1469}.AppStore|Any CPU.Build.0 = Release|Any CPU
		{1242ADA9-A0B2-4E51-9AF1-692C578F1469}.AppStore|Any CPU.Deploy.0 = Release|Any CPU
		{1242ADA9-A0B2-4E51-9AF1-692C578F1469}.AppStore|iPhone.ActiveCfg = Release|Any CPU
		{1242ADA9-A0B2-4E51-9AF1-692C578F1469}.AppStore|iPhone.Build.0 = Release|Any CPU
		{1242ADA9-A0B2-4E51-9AF1-692C578F1469}.AppStore|iPhone.Deploy.0 = Release|Any CPU
		{1242ADA9-A0B2-4E51-9AF1-692C578F1469}.AppStore|iPhoneSimulator.ActiveCfg = Release|Any CPU
		{1242ADA9-A0B2-4E51-9AF1-692C578F1469}.AppStore|iPhoneSimulator.Build.0 = Release|Any CPU
		{1242ADA9-A0B2-4E51-9AF1-692C578F1469}.AppStore|iPhoneSimulator.Deploy.0 = Release|Any CPU
		{1242ADA9-A0B2-4E51-9AF1-692C578F1469}.Debug|Any CPU.ActiveCfg = Debug|Any CPU
		{1242ADA9-A0B2-4E51-9AF1-692C578F1469}.Debug|Any CPU.Build.0 = Debug|Any CPU
		{1242ADA9-A0B2-4E51-9AF1-692C578F1469}.Debug|Any CPU.Deploy.0 = Debug|Any CPU
		{1242ADA9-A0B2-4E51-9AF1-692C578F1469}.Debug|iPhone.ActiveCfg = Debug|Any CPU
		{1242ADA9-A0B2-4E51-9AF1-692C578F1469}.Debug|iPhone.Build.0 = Debug|Any CPU
		{1242ADA9-A0B2-4E51-9AF1-692C578F1469}.Debug|iPhone.Deploy.0 = Debug|Any CPU
		{1242ADA9-A0B2-4E51-9AF1-692C578F1469}.Debug|iPhoneSimulator.ActiveCfg = Debug|Any CPU
		{1242ADA9-A0B2-4E51-9AF1-692C578F1469}.Debug|iPhoneSimulator.Build.0 = Debug|Any CPU
		{1242ADA9-A0B2-4E51-9AF1-692C578F1469}.Debug|iPhoneSimulator.Deploy.0 = Debug|Any CPU
		{1242ADA9-A0B2-4E51-9AF1-692C578F1469}.Release|Any CPU.ActiveCfg = Release|Any CPU
		{1242ADA9-A0B2-4E51-9AF1-692C578F1469}.Release|Any CPU.Build.0 = Release|Any CPU
		{1242ADA9-A0B2-4E51-9AF1-692C578F1469}.Release|Any CPU.Deploy.0 = Release|Any CPU
		{1242ADA9-A0B2-4E51-9AF1-692C578F1469}.Release|iPhone.ActiveCfg = Release|Any CPU
		{1242ADA9-A0B2-4E51-9AF1-692C578F1469}.Release|iPhone.Build.0 = Release|Any CPU
		{1242ADA9-A0B2-4E51-9AF1-692C578F1469}.Release|iPhone.Deploy.0 = Release|Any CPU
		{1242ADA9-A0B2-4E51-9AF1-692C578F1469}.Release|iPhoneSimulator.ActiveCfg = Release|Any CPU
		{1242ADA9-A0B2-4E51-9AF1-692C578F1469}.Release|iPhoneSimulator.Build.0 = Release|Any CPU
		{1242ADA9-A0B2-4E51-9AF1-692C578F1469}.Release|iPhoneSimulator.Deploy.0 = Release|Any CPU
		{7C243EC1-7D6D-4AE2-99CC-B97C2818DF72}.Ad-Hoc|Any CPU.ActiveCfg = Ad-Hoc|iPhone
		{7C243EC1-7D6D-4AE2-99CC-B97C2818DF72}.Ad-Hoc|iPhone.ActiveCfg = Ad-Hoc|iPhone
		{7C243EC1-7D6D-4AE2-99CC-B97C2818DF72}.Ad-Hoc|iPhone.Build.0 = Ad-Hoc|iPhone
		{7C243EC1-7D6D-4AE2-99CC-B97C2818DF72}.Ad-Hoc|iPhoneSimulator.ActiveCfg = Ad-Hoc|iPhoneSimulator
		{7C243EC1-7D6D-4AE2-99CC-B97C2818DF72}.Ad-Hoc|iPhoneSimulator.Build.0 = Ad-Hoc|iPhoneSimulator
		{7C243EC1-7D6D-4AE2-99CC-B97C2818DF72}.AppStore|Any CPU.ActiveCfg = AppStore|iPhone
		{7C243EC1-7D6D-4AE2-99CC-B97C2818DF72}.AppStore|iPhone.ActiveCfg = AppStore|iPhone
		{7C243EC1-7D6D-4AE2-99CC-B97C2818DF72}.AppStore|iPhone.Build.0 = AppStore|iPhone
		{7C243EC1-7D6D-4AE2-99CC-B97C2818DF72}.AppStore|iPhoneSimulator.ActiveCfg = AppStore|iPhoneSimulator
		{7C243EC1-7D6D-4AE2-99CC-B97C2818DF72}.AppStore|iPhoneSimulator.Build.0 = AppStore|iPhoneSimulator
		{7C243EC1-7D6D-4AE2-99CC-B97C2818DF72}.Debug|Any CPU.ActiveCfg = Debug|iPhone
		{7C243EC1-7D6D-4AE2-99CC-B97C2818DF72}.Debug|Any CPU.Build.0 = Debug|iPhone
		{7C243EC1-7D6D-4AE2-99CC-B97C2818DF72}.Debug|iPhone.ActiveCfg = Debug|iPhone
		{7C243EC1-7D6D-4AE2-99CC-B97C2818DF72}.Debug|iPhone.Build.0 = Debug|iPhone
		{7C243EC1-7D6D-4AE2-99CC-B97C2818DF72}.Debug|iPhoneSimulator.ActiveCfg = Debug|iPhoneSimulator
		{7C243EC1-7D6D-4AE2-99CC-B97C2818DF72}.Debug|iPhoneSimulator.Build.0 = Debug|iPhoneSimulator
		{7C243EC1-7D6D-4AE2-99CC-B97C2818DF72}.Release|Any CPU.ActiveCfg = Release|iPhone
		{7C243EC1-7D6D-4AE2-99CC-B97C2818DF72}.Release|iPhone.ActiveCfg = Release|iPhone
		{7C243EC1-7D6D-4AE2-99CC-B97C2818DF72}.Release|iPhone.Build.0 = Release|iPhone
		{7C243EC1-7D6D-4AE2-99CC-B97C2818DF72}.Release|iPhoneSimulator.ActiveCfg = Release|iPhoneSimulator
		{7C243EC1-7D6D-4AE2-99CC-B97C2818DF72}.Release|iPhoneSimulator.Build.0 = Release|iPhoneSimulator
		{447D553C-16D0-4D0C-9B3B-5852454F69DB}.Ad-Hoc|Any CPU.ActiveCfg = Debug|Any CPU
		{447D553C-16D0-4D0C-9B3B-5852454F69DB}.Ad-Hoc|Any CPU.Build.0 = Debug|Any CPU
		{447D553C-16D0-4D0C-9B3B-5852454F69DB}.Ad-Hoc|iPhone.ActiveCfg = Debug|Any CPU
		{447D553C-16D0-4D0C-9B3B-5852454F69DB}.Ad-Hoc|iPhone.Build.0 = Debug|Any CPU
		{447D553C-16D0-4D0C-9B3B-5852454F69DB}.Ad-Hoc|iPhoneSimulator.ActiveCfg = Debug|Any CPU
		{447D553C-16D0-4D0C-9B3B-5852454F69DB}.Ad-Hoc|iPhoneSimulator.Build.0 = Debug|Any CPU
		{447D553C-16D0-4D0C-9B3B-5852454F69DB}.AppStore|Any CPU.ActiveCfg = Debug|Any CPU
		{447D553C-16D0-4D0C-9B3B-5852454F69DB}.AppStore|Any CPU.Build.0 = Debug|Any CPU
		{447D553C-16D0-4D0C-9B3B-5852454F69DB}.AppStore|iPhone.ActiveCfg = Debug|Any CPU
		{447D553C-16D0-4D0C-9B3B-5852454F69DB}.AppStore|iPhone.Build.0 = Debug|Any CPU
		{447D553C-16D0-4D0C-9B3B-5852454F69DB}.AppStore|iPhoneSimulator.ActiveCfg = Debug|Any CPU
		{447D553C-16D0-4D0C-9B3B-5852454F69DB}.AppStore|iPhoneSimulator.Build.0 = Debug|Any CPU
		{447D553C-16D0-4D0C-9B3B-5852454F69DB}.Debug|Any CPU.ActiveCfg = Debug|Any CPU
		{447D553C-16D0-4D0C-9B3B-5852454F69DB}.Debug|Any CPU.Build.0 = Debug|Any CPU
		{447D553C-16D0-4D0C-9B3B-5852454F69DB}.Debug|iPhone.ActiveCfg = Debug|Any CPU
		{447D553C-16D0-4D0C-9B3B-5852454F69DB}.Debug|iPhone.Build.0 = Debug|Any CPU
		{447D553C-16D0-4D0C-9B3B-5852454F69DB}.Debug|iPhoneSimulator.ActiveCfg = Debug|Any CPU
		{447D553C-16D0-4D0C-9B3B-5852454F69DB}.Debug|iPhoneSimulator.Build.0 = Debug|Any CPU
		{447D553C-16D0-4D0C-9B3B-5852454F69DB}.Release|Any CPU.ActiveCfg = Release|Any CPU
		{447D553C-16D0-4D0C-9B3B-5852454F69DB}.Release|Any CPU.Build.0 = Release|Any CPU
		{447D553C-16D0-4D0C-9B3B-5852454F69DB}.Release|iPhone.ActiveCfg = Release|Any CPU
		{447D553C-16D0-4D0C-9B3B-5852454F69DB}.Release|iPhone.Build.0 = Release|Any CPU
		{447D553C-16D0-4D0C-9B3B-5852454F69DB}.Release|iPhoneSimulator.ActiveCfg = Release|Any CPU
		{447D553C-16D0-4D0C-9B3B-5852454F69DB}.Release|iPhoneSimulator.Build.0 = Release|Any CPU
	EndGlobalSection
	GlobalSection(SolutionProperties) = preSolution
		HideSolutionNode = FALSE
	EndGlobalSection
	GlobalSection(ExtensibilityGlobals) = postSolution
		SolutionGuid = {04709787-5EAA-478D-A09E-7E2DE2927CE4}
	EndGlobalSection
EndGlobal
